// !$*UTF8*$!
{
	archiveVersion = 1;
	classes = {
	};
	objectVersion = 56;
	objects = {

/* Begin PBXBuildFile section */
		416BA4ED2B8283D300CD9F2A /* Measurement+Extensions.swift in Sources */ = {isa = PBXBuildFile; fileRef = 416BA4EC2B8283D300CD9F2A /* Measurement+Extensions.swift */; };
		416BA4EF2B8287B200CD9F2A /* CustomLabelStyle.swift in Sources */ = {isa = PBXBuildFile; fileRef = 416BA4EE2B8287B200CD9F2A /* CustomLabelStyle.swift */; };
		41CD3A7D2B810F4D004A27D5 /* LocationManager.swift in Sources */ = {isa = PBXBuildFile; fileRef = 41CD3A7C2B810F4D004A27D5 /* LocationManager.swift */; };
		41CD3A7F2B8110C7004A27D5 /* WeatherManager.swift in Sources */ = {isa = PBXBuildFile; fileRef = 41CD3A7E2B8110C7004A27D5 /* WeatherManager.swift */; };
		41CD3A822B81244B004A27D5 /* NoContentView.swift in Sources */ = {isa = PBXBuildFile; fileRef = 41CD3A812B81244B004A27D5 /* NoContentView.swift */; };
		41CD3A842B8124B7004A27D5 /* WeatherView.swift in Sources */ = {isa = PBXBuildFile; fileRef = 41CD3A832B8124B7004A27D5 /* WeatherView.swift */; };
		41CD3A862B825582004A27D5 /* LocationView.swift in Sources */ = {isa = PBXBuildFile; fileRef = 41CD3A852B825582004A27D5 /* LocationView.swift */; };
		41CD3A882B826081004A27D5 /* CurrentConditionsView.swift in Sources */ = {isa = PBXBuildFile; fileRef = 41CD3A872B826081004A27D5 /* CurrentConditionsView.swift */; };
		41CD3A8A2B826166004A27D5 /* ForecastView.swift in Sources */ = {isa = PBXBuildFile; fileRef = 41CD3A892B826166004A27D5 /* ForecastView.swift */; };
		41D90D942B7E636200FE85FC /* WeatherKitExampleApp.swift in Sources */ = {isa = PBXBuildFile; fileRef = 41D90D932B7E636200FE85FC /* WeatherKitExampleApp.swift */; };
		41D90D962B7E636200FE85FC /* ContentView.swift in Sources */ = {isa = PBXBuildFile; fileRef = 41D90D952B7E636200FE85FC /* ContentView.swift */; };
		41D90D982B7E636300FE85FC /* Assets.xcassets in Resources */ = {isa = PBXBuildFile; fileRef = 41D90D972B7E636300FE85FC /* Assets.xcassets */; };
		41D90D9B2B7E636300FE85FC /* Preview Assets.xcassets in Resources */ = {isa = PBXBuildFile; fileRef = 41D90D9A2B7E636300FE85FC /* Preview Assets.xcassets */; };
/* End PBXBuildFile section */

/* Begin PBXFileReference section */
		416BA4EC2B8283D300CD9F2A /* Measurement+Extensions.swift */ = {isa = PBXFileReference; lastKnownFileType = sourcecode.swift; path = "Measurement+Extensions.swift"; sourceTree = "<group>"; };
		416BA4EE2B8287B200CD9F2A /* CustomLabelStyle.swift */ = {isa = PBXFileReference; lastKnownFileType = sourcecode.swift; path = CustomLabelStyle.swift; sourceTree = "<group>"; };
		41CD3A7C2B810F4D004A27D5 /* LocationManager.swift */ = {isa = PBXFileReference; lastKnownFileType = sourcecode.swift; path = LocationManager.swift; sourceTree = "<group>"; };
		41CD3A7E2B8110C7004A27D5 /* WeatherManager.swift */ = {isa = PBXFileReference; lastKnownFileType = sourcecode.swift; path = WeatherManager.swift; sourceTree = "<group>"; };
		41CD3A812B81244B004A27D5 /* NoContentView.swift */ = {isa = PBXFileReference; lastKnownFileType = sourcecode.swift; path = NoContentView.swift; sourceTree = "<group>"; };
		41CD3A832B8124B7004A27D5 /* WeatherView.swift */ = {isa = PBXFileReference; lastKnownFileType = sourcecode.swift; path = WeatherView.swift; sourceTree = "<group>"; };
		41CD3A852B825582004A27D5 /* LocationView.swift */ = {isa = PBXFileReference; lastKnownFileType = sourcecode.swift; path = LocationView.swift; sourceTree = "<group>"; };
		41CD3A872B826081004A27D5 /* CurrentConditionsView.swift */ = {isa = PBXFileReference; lastKnownFileType = sourcecode.swift; path = CurrentConditionsView.swift; sourceTree = "<group>"; };
		41CD3A892B826166004A27D5 /* ForecastView.swift */ = {isa = PBXFileReference; lastKnownFileType = sourcecode.swift; path = ForecastView.swift; sourceTree = "<group>"; };
		41D90D902B7E636200FE85FC /* WeatherKitExample.app */ = {isa = PBXFileReference; explicitFileType = wrapper.application; includeInIndex = 0; path = WeatherKitExample.app; sourceTree = BUILT_PRODUCTS_DIR; };
		41D90D932B7E636200FE85FC /* WeatherKitExampleApp.swift */ = {isa = PBXFileReference; lastKnownFileType = sourcecode.swift; path = WeatherKitExampleApp.swift; sourceTree = "<group>"; };
		41D90D952B7E636200FE85FC /* ContentView.swift */ = {isa = PBXFileReference; lastKnownFileType = sourcecode.swift; path = ContentView.swift; sourceTree = "<group>"; };
		41D90D972B7E636300FE85FC /* Assets.xcassets */ = {isa = PBXFileReference; lastKnownFileType = folder.assetcatalog; path = Assets.xcassets; sourceTree = "<group>"; };
		41D90D9A2B7E636300FE85FC /* Preview Assets.xcassets */ = {isa = PBXFileReference; lastKnownFileType = folder.assetcatalog; path = "Preview Assets.xcassets"; sourceTree = "<group>"; };
		41D90DA12B7E638600FE85FC /* WeatherKitExample.entitlements */ = {isa = PBXFileReference; lastKnownFileType = text.plist.entitlements; path = WeatherKitExample.entitlements; sourceTree = "<group>"; };
/* End PBXFileReference section */

/* Begin PBXFrameworksBuildPhase section */
		41D90D8D2B7E636200FE85FC /* Frameworks */ = {
			isa = PBXFrameworksBuildPhase;
			buildActionMask = 2147483647;
			files = (
			);
			runOnlyForDeploymentPostprocessing = 0;
		};
/* End PBXFrameworksBuildPhase section */

/* Begin PBXGroup section */
		41CD3A802B811131004A27D5 /* Data */ = {
			isa = PBXGroup;
			children = (
				41CD3A7C2B810F4D004A27D5 /* LocationManager.swift */,
				41CD3A7E2B8110C7004A27D5 /* WeatherManager.swift */,
			);
			path = Data;
			sourceTree = "<group>";
		};
		41D90D872B7E636200FE85FC = {
			isa = PBXGroup;
			children = (
				41D90D922B7E636200FE85FC /* WeatherKitExample */,
				41D90D912B7E636200FE85FC /* Products */,
			);
			sourceTree = "<group>";
		};
		41D90D912B7E636200FE85FC /* Products */ = {
			isa = PBXGroup;
			children = (
				41D90D902B7E636200FE85FC /* WeatherKitExample.app */,
			);
			name = Products;
			sourceTree = "<group>";
		};
		41D90D922B7E636200FE85FC /* WeatherKitExample */ = {
			isa = PBXGroup;
			children = (
				41CD3A802B811131004A27D5 /* Data */,
				41D90DA12B7E638600FE85FC /* WeatherKitExample.entitlements */,
				41D90D932B7E636200FE85FC /* WeatherKitExampleApp.swift */,
				41D90D952B7E636200FE85FC /* ContentView.swift */,
				41CD3A852B825582004A27D5 /* LocationView.swift */,
				41CD3A812B81244B004A27D5 /* NoContentView.swift */,
				416BA4EC2B8283D300CD9F2A /* Measurement+Extensions.swift */,
				41CD3A832B8124B7004A27D5 /* WeatherView.swift */,
				41CD3A892B826166004A27D5 /* ForecastView.swift */,
				41CD3A872B826081004A27D5 /* CurrentConditionsView.swift */,
				416BA4EE2B8287B200CD9F2A /* CustomLabelStyle.swift */,
				41D90D972B7E636300FE85FC /* Assets.xcassets */,
				41D90D992B7E636300FE85FC /* Preview Content */,
			);
			path = WeatherKitExample;
			sourceTree = "<group>";
		};
		41D90D992B7E636300FE85FC /* Preview Content */ = {
			isa = PBXGroup;
			children = (
				41D90D9A2B7E636300FE85FC /* Preview Assets.xcassets */,
			);
			path = "Preview Content";
			sourceTree = "<group>";
		};
/* End PBXGroup section */

/* Begin PBXNativeTarget section */
		41D90D8F2B7E636200FE85FC /* WeatherKitExample */ = {
			isa = PBXNativeTarget;
			buildConfigurationList = 41D90D9E2B7E636300FE85FC /* Build configuration list for PBXNativeTarget "WeatherKitExample" */;
			buildPhases = (
				41D90D8C2B7E636200FE85FC /* Sources */,
				41D90D8D2B7E636200FE85FC /* Frameworks */,
				41D90D8E2B7E636200FE85FC /* Resources */,
			);
			buildRules = (
			);
			dependencies = (
			);
			name = WeatherKitExample;
			productName = WeatherKitExample;
			productReference = 41D90D902B7E636200FE85FC /* WeatherKitExample.app */;
			productType = "com.apple.product-type.application";
		};
/* End PBXNativeTarget section */

/* Begin PBXProject section */
		41D90D882B7E636200FE85FC /* Project object */ = {
			isa = PBXProject;
			attributes = {
				BuildIndependentTargetsInParallel = 1;
				LastSwiftUpdateCheck = 1520;
				LastUpgradeCheck = 1520;
				ORGANIZATIONNAME = "hot-n-GUI, LLC";
				TargetAttributes = {
					41D90D8F2B7E636200FE85FC = {
						CreatedOnToolsVersion = 15.2;
					};
				};
			};
			buildConfigurationList = 41D90D8B2B7E636200FE85FC /* Build configuration list for PBXProject "WeatherKitExample" */;
			compatibilityVersion = "Xcode 14.0";
			developmentRegion = en;
			hasScannedForEncodings = 0;
			knownRegions = (
				en,
				Base,
			);
			mainGroup = 41D90D872B7E636200FE85FC;
			productRefGroup = 41D90D912B7E636200FE85FC /* Products */;
			projectDirPath = "";
			projectRoot = "";
			targets = (
				41D90D8F2B7E636200FE85FC /* WeatherKitExample */,
			);
		};
/* End PBXProject section */

/* Begin PBXResourcesBuildPhase section */
		41D90D8E2B7E636200FE85FC /* Resources */ = {
			isa = PBXResourcesBuildPhase;
			buildActionMask = 2147483647;
			files = (
				41D90D9B2B7E636300FE85FC /* Preview Assets.xcassets in Resources */,
				41D90D982B7E636300FE85FC /* Assets.xcassets in Resources */,
			);
			runOnlyForDeploymentPostprocessing = 0;
		};
/* End PBXResourcesBuildPhase section */

/* Begin PBXSourcesBuildPhase section */
		41D90D8C2B7E636200FE85FC /* Sources */ = {
			isa = PBXSourcesBuildPhase;
			buildActionMask = 2147483647;
			files = (
				416BA4ED2B8283D300CD9F2A /* Measurement+Extensions.swift in Sources */,
				41D90D962B7E636200FE85FC /* ContentView.swift in Sources */,
				41D90D942B7E636200FE85FC /* WeatherKitExampleApp.swift in Sources */,
				41CD3A822B81244B004A27D5 /* NoContentView.swift in Sources */,
				41CD3A842B8124B7004A27D5 /* WeatherView.swift in Sources */,
				41CD3A862B825582004A27D5 /* LocationView.swift in Sources */,
				41CD3A8A2B826166004A27D5 /* ForecastView.swift in Sources */,
				41CD3A7D2B810F4D004A27D5 /* LocationManager.swift in Sources */,
				41CD3A882B826081004A27D5 /* CurrentConditionsView.swift in Sources */,
				41CD3A7F2B8110C7004A27D5 /* WeatherManager.swift in Sources */,
				416BA4EF2B8287B200CD9F2A /* CustomLabelStyle.swift in Sources */,
			);
			runOnlyForDeploymentPostprocessing = 0;
		};
/* End PBXSourcesBuildPhase section */

/* Begin XCBuildConfiguration section */
		41D90D9C2B7E636300FE85FC /* Debug */ = {
			isa = XCBuildConfiguration;
			buildSettings = {
				ALWAYS_SEARCH_USER_PATHS = NO;
				ASSETCATALOG_COMPILER_GENERATE_SWIFT_ASSET_SYMBOL_EXTENSIONS = YES;
				CLANG_ANALYZER_NONNULL = YES;
				CLANG_ANALYZER_NUMBER_OBJECT_CONVERSION = YES_AGGRESSIVE;
				CLANG_CXX_LANGUAGE_STANDARD = "gnu++20";
				CLANG_ENABLE_MODULES = YES;
				CLANG_ENABLE_OBJC_ARC = YES;
				CLANG_ENABLE_OBJC_WEAK = YES;
				CLANG_WARN_BLOCK_CAPTURE_AUTORELEASING = YES;
				CLANG_WARN_BOOL_CONVERSION = YES;
				CLANG_WARN_COMMA = YES;
				CLANG_WARN_CONSTANT_CONVERSION = YES;
				CLANG_WARN_DEPRECATED_OBJC_IMPLEMENTATIONS = YES;
				CLANG_WARN_DIRECT_OBJC_ISA_USAGE = YES_ERROR;
				CLANG_WARN_DOCUMENTATION_COMMENTS = YES;
				CLANG_WARN_EMPTY_BODY = YES;
				CLANG_WARN_ENUM_CONVERSION = YES;
				CLANG_WARN_INFINITE_RECURSION = YES;
				CLANG_WARN_INT_CONVERSION = YES;
				CLANG_WARN_NON_LITERAL_NULL_CONVERSION = YES;
				CLANG_WARN_OBJC_IMPLICIT_RETAIN_SELF = YES;
				CLANG_WARN_OBJC_LITERAL_CONVERSION = YES;
				CLANG_WARN_OBJC_ROOT_CLASS = YES_ERROR;
				CLANG_WARN_QUOTED_INCLUDE_IN_FRAMEWORK_HEADER = YES;
				CLANG_WARN_RANGE_LOOP_ANALYSIS = YES;
				CLANG_WARN_STRICT_PROTOTYPES = YES;
				CLANG_WARN_SUSPICIOUS_MOVE = YES;
				CLANG_WARN_UNGUARDED_AVAILABILITY = YES_AGGRESSIVE;
				CLANG_WARN_UNREACHABLE_CODE = YES;
				CLANG_WARN__DUPLICATE_METHOD_MATCH = YES;
				COPY_PHASE_STRIP = NO;
				DEBUG_INFORMATION_FORMAT = dwarf;
				ENABLE_STRICT_OBJC_MSGSEND = YES;
				ENABLE_TESTABILITY = YES;
				ENABLE_USER_SCRIPT_SANDBOXING = YES;
				GCC_C_LANGUAGE_STANDARD = gnu17;
				GCC_DYNAMIC_NO_PIC = NO;
				GCC_NO_COMMON_BLOCKS = YES;
				GCC_OPTIMIZATION_LEVEL = 0;
				GCC_PREPROCESSOR_DEFINITIONS = (
					"DEBUG=1",
					"$(inherited)",
				);
				GCC_WARN_64_TO_32_BIT_CONVERSION = YES;
				GCC_WARN_ABOUT_RETURN_TYPE = YES_ERROR;
				GCC_WARN_UNDECLARED_SELECTOR = YES;
				GCC_WARN_UNINITIALIZED_AUTOS = YES_AGGRESSIVE;
				GCC_WARN_UNUSED_FUNCTION = YES;
				GCC_WARN_UNUSED_VARIABLE = YES;
				IPHONEOS_DEPLOYMENT_TARGET = 17.2;
				LOCALIZATION_PREFERS_STRING_CATALOGS = YES;
				MTL_ENABLE_DEBUG_INFO = INCLUDE_SOURCE;
				MTL_FAST_MATH = YES;
				ONLY_ACTIVE_ARCH = YES;
				SDKROOT = iphoneos;
				SWIFT_ACTIVE_COMPILATION_CONDITIONS = "DEBUG $(inherited)";
				SWIFT_OPTIMIZATION_LEVEL = "-Onone";
			};
			name = Debug;
		};
		41D90D9D2B7E636300FE85FC /* Release */ = {
			isa = XCBuildConfiguration;
			buildSettings = {
				ALWAYS_SEARCH_USER_PATHS = NO;
				ASSETCATALOG_COMPILER_GENERATE_SWIFT_ASSET_SYMBOL_EXTENSIONS = YES;
				CLANG_ANALYZER_NONNULL = YES;
				CLANG_ANALYZER_NUMBER_OBJECT_CONVERSION = YES_AGGRESSIVE;
				CLANG_CXX_LANGUAGE_STANDARD = "gnu++20";
				CLANG_ENABLE_MODULES = YES;
				CLANG_ENABLE_OBJC_ARC = YES;
				CLANG_ENABLE_OBJC_WEAK = YES;
				CLANG_WARN_BLOCK_CAPTURE_AUTORELEASING = YES;
				CLANG_WARN_BOOL_CONVERSION = YES;
				CLANG_WARN_COMMA = YES;
				CLANG_WARN_CONSTANT_CONVERSION = YES;
				CLANG_WARN_DEPRECATED_OBJC_IMPLEMENTATIONS = YES;
				CLANG_WARN_DIRECT_OBJC_ISA_USAGE = YES_ERROR;
				CLANG_WARN_DOCUMENTATION_COMMENTS = YES;
				CLANG_WARN_EMPTY_BODY = YES;
				CLANG_WARN_ENUM_CONVERSION = YES;
				CLANG_WARN_INFINITE_RECURSION = YES;
				CLANG_WARN_INT_CONVERSION = YES;
				CLANG_WARN_NON_LITERAL_NULL_CONVERSION = YES;
				CLANG_WARN_OBJC_IMPLICIT_RETAIN_SELF = YES;
				CLANG_WARN_OBJC_LITERAL_CONVERSION = YES;
				CLANG_WARN_OBJC_ROOT_CLASS = YES_ERROR;
				CLANG_WARN_QUOTED_INCLUDE_IN_FRAMEWORK_HEADER = YES;
				CLANG_WARN_RANGE_LOOP_ANALYSIS = YES;
				CLANG_WARN_STRICT_PROTOTYPES = YES;
				CLANG_WARN_SUSPICIOUS_MOVE = YES;
				CLANG_WARN_UNGUARDED_AVAILABILITY = YES_AGGRESSIVE;
				CLANG_WARN_UNREACHABLE_CODE = YES;
				CLANG_WARN__DUPLICATE_METHOD_MATCH = YES;
				COPY_PHASE_STRIP = NO;
				DEBUG_INFORMATION_FORMAT = "dwarf-with-dsym";
				ENABLE_NS_ASSERTIONS = NO;
				ENABLE_STRICT_OBJC_MSGSEND = YES;
				ENABLE_USER_SCRIPT_SANDBOXING = YES;
				GCC_C_LANGUAGE_STANDARD = gnu17;
				GCC_NO_COMMON_BLOCKS = YES;
				GCC_WARN_64_TO_32_BIT_CONVERSION = YES;
				GCC_WARN_ABOUT_RETURN_TYPE = YES_ERROR;
				GCC_WARN_UNDECLARED_SELECTOR = YES;
				GCC_WARN_UNINITIALIZED_AUTOS = YES_AGGRESSIVE;
				GCC_WARN_UNUSED_FUNCTION = YES;
				GCC_WARN_UNUSED_VARIABLE = YES;
				IPHONEOS_DEPLOYMENT_TARGET = 17.2;
				LOCALIZATION_PREFERS_STRING_CATALOGS = YES;
				MTL_ENABLE_DEBUG_INFO = NO;
				MTL_FAST_MATH = YES;
				SDKROOT = iphoneos;
				SWIFT_COMPILATION_MODE = wholemodule;
				VALIDATE_PRODUCT = YES;
			};
			name = Release;
		};
		41D90D9F2B7E636300FE85FC /* Debug */ = {
			isa = XCBuildConfiguration;
			buildSettings = {
				ASSETCATALOG_COMPILER_APPICON_NAME = AppIcon;
				ASSETCATALOG_COMPILER_GLOBAL_ACCENT_COLOR_NAME = AccentColor;
				CODE_SIGN_ENTITLEMENTS = WeatherKitExample/WeatherKitExample.entitlements;
				CODE_SIGN_STYLE = Automatic;
				CURRENT_PROJECT_VERSION = 1;
				DEVELOPMENT_ASSET_PATHS = "\"WeatherKitExample/Preview Content\"";
				DEVELOPMENT_TEAM = 7689FTK2TN;
				ENABLE_PREVIEWS = YES;
				GENERATE_INFOPLIST_FILE = YES;
				INFOPLIST_KEY_UIApplicationSceneManifest_Generation = YES;
				INFOPLIST_KEY_UIApplicationSupportsIndirectInputEvents = YES;
				INFOPLIST_KEY_UILaunchScreen_Generation = YES;
				INFOPLIST_KEY_UISupportedInterfaceOrientations = "UIInterfaceOrientationPortrait UIInterfaceOrientationPortraitUpsideDown";
				INFOPLIST_KEY_UISupportedInterfaceOrientations_iPad = "UIInterfaceOrientationLandscapeLeft UIInterfaceOrientationLandscapeRight UIInterfaceOrientationPortrait UIInterfaceOrientationPortraitUpsideDown";
				LD_RUNPATH_SEARCH_PATHS = (
					"$(inherited)",
					"@executable_path/Frameworks",
				);
				MARKETING_VERSION = 1.0;
				PRODUCT_BUNDLE_IDENTIFIER = com.hotngui.WeatherKitExample;
				PRODUCT_NAME = "$(TARGET_NAME)";
				SUPPORTED_PLATFORMS = "iphoneos iphonesimulator";
				SUPPORTS_MACCATALYST = NO;
				SUPPORTS_MAC_DESIGNED_FOR_IPHONE_IPAD = NO;
				SUPPORTS_XR_DESIGNED_FOR_IPHONE_IPAD = NO;
				SWIFT_EMIT_LOC_STRINGS = YES;
				SWIFT_VERSION = 5.0;
				TARGETED_DEVICE_FAMILY = 1;
			};
			name = Debug;
		};
		41D90DA02B7E636300FE85FC /* Release */ = {
			isa = XCBuildConfiguration;
			buildSettings = {
				ASSETCATALOG_COMPILER_APPICON_NAME = AppIcon;
				ASSETCATALOG_COMPILER_GLOBAL_ACCENT_COLOR_NAME = AccentColor;
				CODE_SIGN_ENTITLEMENTS = WeatherKitExample/WeatherKitExample.entitlements;
				CODE_SIGN_STYLE = Automatic;
				CURRENT_PROJECT_VERSION = 1;
				DEVELOPMENT_ASSET_PATHS = "\"WeatherKitExample/Preview Content\"";
				DEVELOPMENT_TEAM = 7689FTK2TN;
				ENABLE_PREVIEWS = YES;
				GENERATE_INFOPLIST_FILE = YES;
				INFOPLIST_KEY_UIApplicationSceneManifest_Generation = YES;
				INFOPLIST_KEY_UIApplicationSupportsIndirectInputEvents = YES;
				INFOPLIST_KEY_UILaunchScreen_Generation = YES;
				INFOPLIST_KEY_UISupportedInterfaceOrientations = "UIInterfaceOrientationPortrait UIInterfaceOrientationPortraitUpsideDown";
				INFOPLIST_KEY_UISupportedInterfaceOrientations_iPad = "UIInterfaceOrientationLandscapeLeft UIInterfaceOrientationLandscapeRight UIInterfaceOrientationPortrait UIInterfaceOrientationPortraitUpsideDown";
				LD_RUNPATH_SEARCH_PATHS = (
					"$(inherited)",
					"@executable_path/Frameworks",
				);
				MARKETING_VERSION = 1.0;
				PRODUCT_BUNDLE_IDENTIFIER = com.hotngui.WeatherKitExample;
				PRODUCT_NAME = "$(TARGET_NAME)";
				SUPPORTED_PLATFORMS = "iphoneos iphonesimulator";
				SUPPORTS_MACCATALYST = NO;
				SUPPORTS_MAC_DESIGNED_FOR_IPHONE_IPAD = NO;
				SUPPORTS_XR_DESIGNED_FOR_IPHONE_IPAD = NO;
				SWIFT_EMIT_LOC_STRINGS = YES;
				SWIFT_VERSION = 5.0;
				TARGETED_DEVICE_FAMILY = 1;
			};
			name = Release;
		};
/* End XCBuildConfiguration section */

/* Begin XCConfigurationList section */
		41D90D8B2B7E636200FE85FC /* Build configuration list for PBXProject "WeatherKitExample" */ = {
			isa = XCConfigurationList;
			buildConfigurations = (
				41D90D9C2B7E636300FE85FC /* Debug */,
				41D90D9D2B7E636300FE85FC /* Release */,
			);
			defaultConfigurationIsVisible = 0;
			defaultConfigurationName = Release;
		};
		41D90D9E2B7E636300FE85FC /* Build configuration list for PBXNativeTarget "WeatherKitExample" */ = {
			isa = XCConfigurationList;
			buildConfigurations = (
				41D90D9F2B7E636300FE85FC /* Debug */,
				41D90DA02B7E636300FE85FC /* Release */,
			);
			defaultConfigurationIsVisible = 0;
			defaultConfigurationName = Release;
		};
/* End XCConfigurationList section */
	};
	rootObject = 41D90D882B7E636200FE85FC /* Project object */;
}
