// !$*UTF8*$!
{
	archiveVersion = 1;
	classes = {
	};
	objectVersion = 56;
	objects = {

/* Begin PBXBuildFile section */
		416F7D7E291F041E00AE2878 /* WatchOSDemo2App.swift in Sources */ = {isa = PBXBuildFile; fileRef = 416F7D7D291F041E00AE2878 /* WatchOSDemo2App.swift */; };
		416F7D80291F041E00AE2878 /* ContentView.swift in Sources */ = {isa = PBXBuildFile; fileRef = 416F7D7F291F041E00AE2878 /* ContentView.swift */; };
		416F7D82291F041F00AE2878 /* Assets.xcassets in Resources */ = {isa = PBXBuildFile; fileRef = 416F7D81291F041F00AE2878 /* Assets.xcassets */; };
		416F7D85291F041F00AE2878 /* Preview Assets.xcassets in Resources */ = {isa = PBXBuildFile; fileRef = 416F7D84291F041F00AE2878 /* Preview Assets.xcassets */; };
		416F7D8B291F041F00AE2878 /* WatchOSDemo2 Watch App.app in Embed Watch Content */ = {isa = PBXBuildFile; fileRef = 416F7D8A291F041F00AE2878 /* WatchOSDemo2 Watch App.app */; settings = {ATTRIBUTES = (RemoveHeadersOnCopy, ); }; };
		416F7D90291F041F00AE2878 /* WatchOSDemo2App.swift in Sources */ = {isa = PBXBuildFile; fileRef = 416F7D8F291F041F00AE2878 /* WatchOSDemo2App.swift */; };
		416F7D92291F041F00AE2878 /* ContentView.swift in Sources */ = {isa = PBXBuildFile; fileRef = 416F7D91291F041F00AE2878 /* ContentView.swift */; };
		416F7D94291F042000AE2878 /* Assets.xcassets in Resources */ = {isa = PBXBuildFile; fileRef = 416F7D93291F042000AE2878 /* Assets.xcassets */; };
		416F7D97291F042000AE2878 /* Preview Assets.xcassets in Resources */ = {isa = PBXBuildFile; fileRef = 416F7D96291F042000AE2878 /* Preview Assets.xcassets */; };
		416F7DA2291F04AE00AE2878 /* AlternateView1.swift in Sources */ = {isa = PBXBuildFile; fileRef = 416F7DA1291F04AD00AE2878 /* AlternateView1.swift */; };
		416F7DA4291F08D500AE2878 /* MyButton.swift in Sources */ = {isa = PBXBuildFile; fileRef = 416F7DA3291F08D500AE2878 /* MyButton.swift */; };
		416F7DA6291F16AD00AE2878 /* AlternateView2.swift in Sources */ = {isa = PBXBuildFile; fileRef = 416F7DA5291F16AD00AE2878 /* AlternateView2.swift */; };
		418D1F0629204D3900EB10E2 /* Selection.swift in Sources */ = {isa = PBXBuildFile; fileRef = 418D1F0529204D3900EB10E2 /* Selection.swift */; };
		418D1F0B2920C80200EB10E2 /* CommsPhone.swift in Sources */ = {isa = PBXBuildFile; fileRef = 418D1F072920C77700EB10E2 /* CommsPhone.swift */; };
		418D1F0D2920C89400EB10E2 /* CommsWatch.swift in Sources */ = {isa = PBXBuildFile; fileRef = 418D1F0C2920C89400EB10E2 /* CommsWatch.swift */; };
/* End PBXBuildFile section */

/* Begin PBXContainerItemProxy section */
		416F7D8C291F041F00AE2878 /* PBXContainerItemProxy */ = {
			isa = PBXContainerItemProxy;
			containerPortal = 416F7D72291F041E00AE2878 /* Project object */;
			proxyType = 1;
			remoteGlobalIDString = 416F7D89291F041F00AE2878;
			remoteInfo = "WatchOSDemo2 Watch App";
		};
/* End PBXContainerItemProxy section */

/* Begin PBXCopyFilesBuildPhase section */
		416F7D9D291F042000AE2878 /* Embed Watch Content */ = {
			isa = PBXCopyFilesBuildPhase;
			buildActionMask = 2147483647;
			dstPath = "$(CONTENTS_FOLDER_PATH)/Watch";
			dstSubfolderSpec = 16;
			files = (
				416F7D8B291F041F00AE2878 /* WatchOSDemo2 Watch App.app in Embed Watch Content */,
			);
			name = "Embed Watch Content";
			runOnlyForDeploymentPostprocessing = 0;
		};
/* End PBXCopyFilesBuildPhase section */

/* Begin PBXFileReference section */
		416F7D7A291F041E00AE2878 /* WatchOSDemo2.app */ = {isa = PBXFileReference; explicitFileType = wrapper.application; includeInIndex = 0; path = WatchOSDemo2.app; sourceTree = BUILT_PRODUCTS_DIR; };
		416F7D7D291F041E00AE2878 /* WatchOSDemo2App.swift */ = {isa = PBXFileReference; lastKnownFileType = sourcecode.swift; path = WatchOSDemo2App.swift; sourceTree = "<group>"; };
		416F7D7F291F041E00AE2878 /* ContentView.swift */ = {isa = PBXFileReference; lastKnownFileType = sourcecode.swift; path = ContentView.swift; sourceTree = "<group>"; };
		416F7D81291F041F00AE2878 /* Assets.xcassets */ = {isa = PBXFileReference; lastKnownFileType = folder.assetcatalog; path = Assets.xcassets; sourceTree = "<group>"; };
		416F7D84291F041F00AE2878 /* Preview Assets.xcassets */ = {isa = PBXFileReference; lastKnownFileType = folder.assetcatalog; path = "Preview Assets.xcassets"; sourceTree = "<group>"; };
		416F7D8A291F041F00AE2878 /* WatchOSDemo2 Watch App.app */ = {isa = PBXFileReference; explicitFileType = wrapper.application; includeInIndex = 0; path = "WatchOSDemo2 Watch App.app"; sourceTree = BUILT_PRODUCTS_DIR; };
		416F7D8F291F041F00AE2878 /* WatchOSDemo2App.swift */ = {isa = PBXFileReference; lastKnownFileType = sourcecode.swift; path = WatchOSDemo2App.swift; sourceTree = "<group>"; };
		416F7D91291F041F00AE2878 /* ContentView.swift */ = {isa = PBXFileReference; lastKnownFileType = sourcecode.swift; path = ContentView.swift; sourceTree = "<group>"; };
		416F7D93291F042000AE2878 /* Assets.xcassets */ = {isa = PBXFileReference; lastKnownFileType = folder.assetcatalog; path = Assets.xcassets; sourceTree = "<group>"; };
		416F7D96291F042000AE2878 /* Preview Assets.xcassets */ = {isa = PBXFileReference; lastKnownFileType = folder.assetcatalog; path = "Preview Assets.xcassets"; sourceTree = "<group>"; };
		416F7DA1291F04AD00AE2878 /* AlternateView1.swift */ = {isa = PBXFileReference; lastKnownFileType = sourcecode.swift; path = AlternateView1.swift; sourceTree = "<group>"; };
		416F7DA3291F08D500AE2878 /* MyButton.swift */ = {isa = PBXFileReference; lastKnownFileType = sourcecode.swift; path = MyButton.swift; sourceTree = "<group>"; };
		416F7DA5291F16AD00AE2878 /* AlternateView2.swift */ = {isa = PBXFileReference; lastKnownFileType = sourcecode.swift; path = AlternateView2.swift; sourceTree = "<group>"; };
		418D1F0529204D3900EB10E2 /* Selection.swift */ = {isa = PBXFileReference; lastKnownFileType = sourcecode.swift; path = Selection.swift; sourceTree = "<group>"; };
		418D1F072920C77700EB10E2 /* CommsPhone.swift */ = {isa = PBXFileReference; lastKnownFileType = sourcecode.swift; path = CommsPhone.swift; sourceTree = "<group>"; };
		418D1F0C2920C89400EB10E2 /* CommsWatch.swift */ = {isa = PBXFileReference; lastKnownFileType = sourcecode.swift; path = CommsWatch.swift; sourceTree = "<group>"; };
/* End PBXFileReference section */

/* Begin PBXFrameworksBuildPhase section */
		416F7D77291F041E00AE2878 /* Frameworks */ = {
			isa = PBXFrameworksBuildPhase;
			buildActionMask = 2147483647;
			files = (
			);
			runOnlyForDeploymentPostprocessing = 0;
		};
		416F7D87291F041F00AE2878 /* Frameworks */ = {
			isa = PBXFrameworksBuildPhase;
			buildActionMask = 2147483647;
			files = (
			);
			runOnlyForDeploymentPostprocessing = 0;
		};
/* End PBXFrameworksBuildPhase section */

/* Begin PBXGroup section */
		416F7D71291F041E00AE2878 = {
			isa = PBXGroup;
			children = (
				416F7D7C291F041E00AE2878 /* WatchOSDemo2 */,
				416F7D8E291F041F00AE2878 /* WatchOSDemo2 Watch App */,
				416F7D7B291F041E00AE2878 /* Products */,
			);
			sourceTree = "<group>";
		};
		416F7D7B291F041E00AE2878 /* Products */ = {
			isa = PBXGroup;
			children = (
				416F7D7A291F041E00AE2878 /* WatchOSDemo2.app */,
				416F7D8A291F041F00AE2878 /* WatchOSDemo2 Watch App.app */,
			);
			name = Products;
			sourceTree = "<group>";
		};
		416F7D7C291F041E00AE2878 /* WatchOSDemo2 */ = {
			isa = PBXGroup;
			children = (
				416F7D7D291F041E00AE2878 /* WatchOSDemo2App.swift */,
				418D1F072920C77700EB10E2 /* CommsPhone.swift */,
				416F7D7F291F041E00AE2878 /* ContentView.swift */,
				416F7D81291F041F00AE2878 /* Assets.xcassets */,
				416F7D83291F041F00AE2878 /* Preview Content */,
			);
			path = WatchOSDemo2;
			sourceTree = "<group>";
		};
		416F7D83291F041F00AE2878 /* Preview Content */ = {
			isa = PBXGroup;
			children = (
				416F7D84291F041F00AE2878 /* Preview Assets.xcassets */,
			);
			path = "Preview Content";
			sourceTree = "<group>";
		};
		416F7D8E291F041F00AE2878 /* WatchOSDemo2 Watch App */ = {
			isa = PBXGroup;
			children = (
				416F7D8F291F041F00AE2878 /* WatchOSDemo2App.swift */,
				418D1F0529204D3900EB10E2 /* Selection.swift */,
				418D1F0C2920C89400EB10E2 /* CommsWatch.swift */,
				416F7D91291F041F00AE2878 /* ContentView.swift */,
				416F7DA1291F04AD00AE2878 /* AlternateView1.swift */,
				416F7DA5291F16AD00AE2878 /* AlternateView2.swift */,
				416F7DA3291F08D500AE2878 /* MyButton.swift */,
				416F7D93291F042000AE2878 /* Assets.xcassets */,
				416F7D95291F042000AE2878 /* Preview Content */,
			);
			path = "WatchOSDemo2 Watch App";
			sourceTree = "<group>";
		};
		416F7D95291F042000AE2878 /* Preview Content */ = {
			isa = PBXGroup;
			children = (
				416F7D96291F042000AE2878 /* Preview Assets.xcassets */,
			);
			path = "Preview Content";
			sourceTree = "<group>";
		};
/* End PBXGroup section */

/* Begin PBXNativeTarget section */
		416F7D79291F041E00AE2878 /* WatchOSDemo2 */ = {
			isa = PBXNativeTarget;
			buildConfigurationList = 416F7D9E291F042000AE2878 /* Build configuration list for PBXNativeTarget "WatchOSDemo2" */;
			buildPhases = (
				416F7D76291F041E00AE2878 /* Sources */,
				416F7D77291F041E00AE2878 /* Frameworks */,
				416F7D78291F041E00AE2878 /* Resources */,
				416F7D9D291F042000AE2878 /* Embed Watch Content */,
			);
			buildRules = (
			);
			dependencies = (
				416F7D8D291F041F00AE2878 /* PBXTargetDependency */,
			);
			name = WatchOSDemo2;
			productName = WatchOSDemo2;
			productReference = 416F7D7A291F041E00AE2878 /* WatchOSDemo2.app */;
			productType = "com.apple.product-type.application";
		};
		416F7D89291F041F00AE2878 /* WatchOSDemo2 Watch App */ = {
			isa = PBXNativeTarget;
			buildConfigurationList = 416F7D9A291F042000AE2878 /* Build configuration list for PBXNativeTarget "WatchOSDemo2 Watch App" */;
			buildPhases = (
				416F7D86291F041F00AE2878 /* Sources */,
				416F7D87291F041F00AE2878 /* Frameworks */,
				416F7D88291F041F00AE2878 /* Resources */,
			);
			buildRules = (
			);
			dependencies = (
			);
			name = "WatchOSDemo2 Watch App";
			productName = "WatchOSDemo2 Watch App";
			productReference = 416F7D8A291F041F00AE2878 /* WatchOSDemo2 Watch App.app */;
			productType = "com.apple.product-type.application";
		};
/* End PBXNativeTarget section */

/* Begin PBXProject section */
		416F7D72291F041E00AE2878 /* Project object */ = {
			isa = PBXProject;
			attributes = {
				BuildIndependentTargetsInParallel = 1;
				LastSwiftUpdateCheck = 1410;
				LastUpgradeCheck = 1410;
				ORGANIZATIONNAME = "hot-n-GUI, LLC";
				TargetAttributes = {
					416F7D79291F041E00AE2878 = {
						CreatedOnToolsVersion = 14.1;
					};
					416F7D89291F041F00AE2878 = {
						CreatedOnToolsVersion = 14.1;
					};
				};
			};
			buildConfigurationList = 416F7D75291F041E00AE2878 /* Build configuration list for PBXProject "WatchOSDemo2" */;
			compatibilityVersion = "Xcode 14.0";
			developmentRegion = en;
			hasScannedForEncodings = 0;
			knownRegions = (
				en,
				Base,
			);
			mainGroup = 416F7D71291F041E00AE2878;
			productRefGroup = 416F7D7B291F041E00AE2878 /* Products */;
			projectDirPath = "";
			projectRoot = "";
			targets = (
				416F7D79291F041E00AE2878 /* WatchOSDemo2 */,
				416F7D89291F041F00AE2878 /* WatchOSDemo2 Watch App */,
			);
		};
/* End PBXProject section */

/* Begin PBXResourcesBuildPhase section */
		416F7D78291F041E00AE2878 /* Resources */ = {
			isa = PBXResourcesBuildPhase;
			buildActionMask = 2147483647;
			files = (
				416F7D85291F041F00AE2878 /* Preview Assets.xcassets in Resources */,
				416F7D82291F041F00AE2878 /* Assets.xcassets in Resources */,
			);
			runOnlyForDeploymentPostprocessing = 0;
		};
		416F7D88291F041F00AE2878 /* Resources */ = {
			isa = PBXResourcesBuildPhase;
			buildActionMask = 2147483647;
			files = (
				416F7D97291F042000AE2878 /* Preview Assets.xcassets in Resources */,
				416F7D94291F042000AE2878 /* Assets.xcassets in Resources */,
			);
			runOnlyForDeploymentPostprocessing = 0;
		};
/* End PBXResourcesBuildPhase section */

/* Begin PBXSourcesBuildPhase section */
		416F7D76291F041E00AE2878 /* Sources */ = {
			isa = PBXSourcesBuildPhase;
			buildActionMask = 2147483647;
			files = (
				418D1F0B2920C80200EB10E2 /* CommsPhone.swift in Sources */,
				416F7D80291F041E00AE2878 /* ContentView.swift in Sources */,
				416F7D7E291F041E00AE2878 /* WatchOSDemo2App.swift in Sources */,
			);
			runOnlyForDeploymentPostprocessing = 0;
		};
		416F7D86291F041F00AE2878 /* Sources */ = {
			isa = PBXSourcesBuildPhase;
			buildActionMask = 2147483647;
			files = (
				418D1F0629204D3900EB10E2 /* Selection.swift in Sources */,
				416F7DA2291F04AE00AE2878 /* AlternateView1.swift in Sources */,
				416F7D92291F041F00AE2878 /* ContentView.swift in Sources */,
				418D1F0D2920C89400EB10E2 /* CommsWatch.swift in Sources */,
				416F7D90291F041F00AE2878 /* WatchOSDemo2App.swift in Sources */,
				416F7DA4291F08D500AE2878 /* MyButton.swift in Sources */,
				416F7DA6291F16AD00AE2878 /* AlternateView2.swift in Sources */,
			);
			runOnlyForDeploymentPostprocessing = 0;
		};
/* End PBXSourcesBuildPhase section */

/* Begin PBXTargetDependency section */
		416F7D8D291F041F00AE2878 /* PBXTargetDependency */ = {
			isa = PBXTargetDependency;
			target = 416F7D89291F041F00AE2878 /* WatchOSDemo2 Watch App */;
			targetProxy = 416F7D8C291F041F00AE2878 /* PBXContainerItemProxy */;
		};
/* End PBXTargetDependency section */

/* Begin XCBuildConfiguration section */
		416F7D98291F042000AE2878 /* Debug */ = {
			isa = XCBuildConfiguration;
			buildSettings = {
				ALWAYS_SEARCH_USER_PATHS = NO;
				CLANG_ANALYZER_NONNULL = YES;
				CLANG_ANALYZER_NUMBER_OBJECT_CONVERSION = YES_AGGRESSIVE;
				CLANG_CXX_LANGUAGE_STANDARD = "gnu++20";
				CLANG_ENABLE_MODULES = YES;
				CLANG_ENABLE_OBJC_ARC = YES;
				CLANG_ENABLE_OBJC_WEAK = YES;
				CLANG_WARN_BLOCK_CAPTURE_AUTORELEASING = YES;
				CLANG_WARN_BOOL_CONVERSION = YES;
				CLANG_WARN_COMMA = YES;
				CLANG_WARN_CONSTANT_CONVERSION = YES;
				CLANG_WARN_DEPRECATED_OBJC_IMPLEMENTATIONS = YES;
				CLANG_WARN_DIRECT_OBJC_ISA_USAGE = YES_ERROR;
				CLANG_WARN_DOCUMENTATION_COMMENTS = YES;
				CLANG_WARN_EMPTY_BODY = YES;
				CLANG_WARN_ENUM_CONVERSION = YES;
				CLANG_WARN_INFINITE_RECURSION = YES;
				CLANG_WARN_INT_CONVERSION = YES;
				CLANG_WARN_NON_LITERAL_NULL_CONVERSION = YES;
				CLANG_WARN_OBJC_IMPLICIT_RETAIN_SELF = YES;
				CLANG_WARN_OBJC_LITERAL_CONVERSION = YES;
				CLANG_WARN_OBJC_ROOT_CLASS = YES_ERROR;
				CLANG_WARN_QUOTED_INCLUDE_IN_FRAMEWORK_HEADER = YES;
				CLANG_WARN_RANGE_LOOP_ANALYSIS = YES;
				CLANG_WARN_STRICT_PROTOTYPES = YES;
				CLANG_WARN_SUSPICIOUS_MOVE = YES;
				CLANG_WARN_UNGUARDED_AVAILABILITY = YES_AGGRESSIVE;
				CLANG_WARN_UNREACHABLE_CODE = YES;
				CLANG_WARN__DUPLICATE_METHOD_MATCH = YES;
				COPY_PHASE_STRIP = NO;
				DEBUG_INFORMATION_FORMAT = dwarf;
				ENABLE_STRICT_OBJC_MSGSEND = YES;
				ENABLE_TESTABILITY = YES;
				GCC_C_LANGUAGE_STANDARD = gnu11;
				GCC_DYNAMIC_NO_PIC = NO;
				GCC_NO_COMMON_BLOCKS = YES;
				GCC_OPTIMIZATION_LEVEL = 0;
				GCC_PREPROCESSOR_DEFINITIONS = (
					"DEBUG=1",
					"$(inherited)",
				);
				GCC_WARN_64_TO_32_BIT_CONVERSION = YES;
				GCC_WARN_ABOUT_RETURN_TYPE = YES_ERROR;
				GCC_WARN_UNDECLARED_SELECTOR = YES;
				GCC_WARN_UNINITIALIZED_AUTOS = YES_AGGRESSIVE;
				GCC_WARN_UNUSED_FUNCTION = YES;
				GCC_WARN_UNUSED_VARIABLE = YES;
				MTL_ENABLE_DEBUG_INFO = INCLUDE_SOURCE;
				MTL_FAST_MATH = YES;
				ONLY_ACTIVE_ARCH = YES;
				SWIFT_ACTIVE_COMPILATION_CONDITIONS = DEBUG;
				SWIFT_OPTIMIZATION_LEVEL = "-Onone";
			};
			name = Debug;
		};
		416F7D99291F042000AE2878 /* Release */ = {
			isa = XCBuildConfiguration;
			buildSettings = {
				ALWAYS_SEARCH_USER_PATHS = NO;
				CLANG_ANALYZER_NONNULL = YES;
				CLANG_ANALYZER_NUMBER_OBJECT_CONVERSION = YES_AGGRESSIVE;
				CLANG_CXX_LANGUAGE_STANDARD = "gnu++20";
				CLANG_ENABLE_MODULES = YES;
				CLANG_ENABLE_OBJC_ARC = YES;
				CLANG_ENABLE_OBJC_WEAK = YES;
				CLANG_WARN_BLOCK_CAPTURE_AUTORELEASING = YES;
				CLANG_WARN_BOOL_CONVERSION = YES;
				CLANG_WARN_COMMA = YES;
				CLANG_WARN_CONSTANT_CONVERSION = YES;
				CLANG_WARN_DEPRECATED_OBJC_IMPLEMENTATIONS = YES;
				CLANG_WARN_DIRECT_OBJC_ISA_USAGE = YES_ERROR;
				CLANG_WARN_DOCUMENTATION_COMMENTS = YES;
				CLANG_WARN_EMPTY_BODY = YES;
				CLANG_WARN_ENUM_CONVERSION = YES;
				CLANG_WARN_INFINITE_RECURSION = YES;
				CLANG_WARN_INT_CONVERSION = YES;
				CLANG_WARN_NON_LITERAL_NULL_CONVERSION = YES;
				CLANG_WARN_OBJC_IMPLICIT_RETAIN_SELF = YES;
				CLANG_WARN_OBJC_LITERAL_CONVERSION = YES;
				CLANG_WARN_OBJC_ROOT_CLASS = YES_ERROR;
				CLANG_WARN_QUOTED_INCLUDE_IN_FRAMEWORK_HEADER = YES;
				CLANG_WARN_RANGE_LOOP_ANALYSIS = YES;
				CLANG_WARN_STRICT_PROTOTYPES = YES;
				CLANG_WARN_SUSPICIOUS_MOVE = YES;
				CLANG_WARN_UNGUARDED_AVAILABILITY = YES_AGGRESSIVE;
				CLANG_WARN_UNREACHABLE_CODE = YES;
				CLANG_WARN__DUPLICATE_METHOD_MATCH = YES;
				COPY_PHASE_STRIP = NO;
				DEBUG_INFORMATION_FORMAT = "dwarf-with-dsym";
				ENABLE_NS_ASSERTIONS = NO;
				ENABLE_STRICT_OBJC_MSGSEND = YES;
				GCC_C_LANGUAGE_STANDARD = gnu11;
				GCC_NO_COMMON_BLOCKS = YES;
				GCC_WARN_64_TO_32_BIT_CONVERSION = YES;
				GCC_WARN_ABOUT_RETURN_TYPE = YES_ERROR;
				GCC_WARN_UNDECLARED_SELECTOR = YES;
				GCC_WARN_UNINITIALIZED_AUTOS = YES_AGGRESSIVE;
				GCC_WARN_UNUSED_FUNCTION = YES;
				GCC_WARN_UNUSED_VARIABLE = YES;
				MTL_ENABLE_DEBUG_INFO = NO;
				MTL_FAST_MATH = YES;
				SWIFT_COMPILATION_MODE = wholemodule;
				SWIFT_OPTIMIZATION_LEVEL = "-O";
			};
			name = Release;
		};
		416F7D9B291F042000AE2878 /* Debug */ = {
			isa = XCBuildConfiguration;
			buildSettings = {
				ASSETCATALOG_COMPILER_APPICON_NAME = AppIcon;
				ASSETCATALOG_COMPILER_GLOBAL_ACCENT_COLOR_NAME = AccentColor;
				CODE_SIGN_STYLE = Automatic;
				CURRENT_PROJECT_VERSION = 1;
				DEVELOPMENT_ASSET_PATHS = "\"WatchOSDemo2 Watch App/Preview Content\"";
				DEVELOPMENT_TEAM = CE93BWB67H;
				ENABLE_PREVIEWS = YES;
				GENERATE_INFOPLIST_FILE = YES;
				INFOPLIST_KEY_CFBundleDisplayName = WatchOSDemo2;
				INFOPLIST_KEY_UISupportedInterfaceOrientations = "UIInterfaceOrientationPortrait UIInterfaceOrientationPortraitUpsideDown";
				INFOPLIST_KEY_WKCompanionAppBundleIdentifier = com.hotngui.WatchOSDemo2;
				LD_RUNPATH_SEARCH_PATHS = (
					"$(inherited)",
					"@executable_path/Frameworks",
				);
				MARKETING_VERSION = 1.0;
				PRODUCT_BUNDLE_IDENTIFIER = com.hotngui.WatchOSDemo2.watchkitapp;
				PRODUCT_NAME = "$(TARGET_NAME)";
				SDKROOT = watchos;
				SKIP_INSTALL = YES;
				SWIFT_EMIT_LOC_STRINGS = YES;
				SWIFT_VERSION = 5.0;
				TARGETED_DEVICE_FAMILY = 4;
				WATCHOS_DEPLOYMENT_TARGET = 9.1;
			};
			name = Debug;
		};
		416F7D9C291F042000AE2878 /* Release */ = {
			isa = XCBuildConfiguration;
			buildSettings = {
				ASSETCATALOG_COMPILER_APPICON_NAME = AppIcon;
				ASSETCATALOG_COMPILER_GLOBAL_ACCENT_COLOR_NAME = AccentColor;
				CODE_SIGN_STYLE = Automatic;
				CURRENT_PROJECT_VERSION = 1;
				DEVELOPMENT_ASSET_PATHS = "\"WatchOSDemo2 Watch App/Preview Content\"";
				DEVELOPMENT_TEAM = CE93BWB67H;
				ENABLE_PREVIEWS = YES;
				GENERATE_INFOPLIST_FILE = YES;
				INFOPLIST_KEY_CFBundleDisplayName = WatchOSDemo2;
				INFOPLIST_KEY_UISupportedInterfaceOrientations = "UIInterfaceOrientationPortrait UIInterfaceOrientationPortraitUpsideDown";
				INFOPLIST_KEY_WKCompanionAppBundleIdentifier = com.hotngui.WatchOSDemo2;
				LD_RUNPATH_SEARCH_PATHS = (
					"$(inherited)",
					"@executable_path/Frameworks",
				);
				MARKETING_VERSION = 1.0;
				PRODUCT_BUNDLE_IDENTIFIER = com.hotngui.WatchOSDemo2.watchkitapp;
				PRODUCT_NAME = "$(TARGET_NAME)";
				SDKROOT = watchos;
				SKIP_INSTALL = YES;
				SWIFT_EMIT_LOC_STRINGS = YES;
				SWIFT_VERSION = 5.0;
				TARGETED_DEVICE_FAMILY = 4;
				VALIDATE_PRODUCT = YES;
				WATCHOS_DEPLOYMENT_TARGET = 9.1;
			};
			name = Release;
		};
		416F7D9F291F042000AE2878 /* Debug */ = {
			isa = XCBuildConfiguration;
			buildSettings = {
				ALWAYS_EMBED_SWIFT_STANDARD_LIBRARIES = YES;
				ASSETCATALOG_COMPILER_APPICON_NAME = AppIcon;
				ASSETCATALOG_COMPILER_GLOBAL_ACCENT_COLOR_NAME = AccentColor;
				CODE_SIGN_STYLE = Automatic;
				CURRENT_PROJECT_VERSION = 1;
				DEVELOPMENT_ASSET_PATHS = "\"WatchOSDemo2/Preview Content\"";
				DEVELOPMENT_TEAM = CE93BWB67H;
				ENABLE_PREVIEWS = YES;
				GENERATE_INFOPLIST_FILE = YES;
				INFOPLIST_KEY_CFBundleDisplayName = WatchOSDemo2;
				INFOPLIST_KEY_UIApplicationSceneManifest_Generation = YES;
				INFOPLIST_KEY_UIApplicationSupportsIndirectInputEvents = YES;
				INFOPLIST_KEY_UILaunchScreen_Generation = YES;
				INFOPLIST_KEY_UISupportedInterfaceOrientations_iPad = "UIInterfaceOrientationPortrait UIInterfaceOrientationPortraitUpsideDown UIInterfaceOrientationLandscapeLeft UIInterfaceOrientationLandscapeRight";
				INFOPLIST_KEY_UISupportedInterfaceOrientations_iPhone = "UIInterfaceOrientationPortrait UIInterfaceOrientationLandscapeLeft UIInterfaceOrientationLandscapeRight";
				IPHONEOS_DEPLOYMENT_TARGET = 16.1;
				LD_RUNPATH_SEARCH_PATHS = (
					"$(inherited)",
					"@executable_path/Frameworks",
				);
				MARKETING_VERSION = 1.0;
				PRODUCT_BUNDLE_IDENTIFIER = com.hotngui.WatchOSDemo2;
				PRODUCT_NAME = "$(TARGET_NAME)";
				SDKROOT = iphoneos;
				SWIFT_EMIT_LOC_STRINGS = YES;
				SWIFT_VERSION = 5.0;
				TARGETED_DEVICE_FAMILY = "1,2";
			};
			name = Debug;
		};
		416F7DA0291F042000AE2878 /* Release */ = {
			isa = XCBuildConfiguration;
			buildSettings = {
				ALWAYS_EMBED_SWIFT_STANDARD_LIBRARIES = YES;
				ASSETCATALOG_COMPILER_APPICON_NAME = AppIcon;
				ASSETCATALOG_COMPILER_GLOBAL_ACCENT_COLOR_NAME = AccentColor;
				CODE_SIGN_STYLE = Automatic;
				CURRENT_PROJECT_VERSION = 1;
				DEVELOPMENT_ASSET_PATHS = "\"WatchOSDemo2/Preview Content\"";
				DEVELOPMENT_TEAM = CE93BWB67H;
				ENABLE_PREVIEWS = YES;
				GENERATE_INFOPLIST_FILE = YES;
				INFOPLIST_KEY_CFBundleDisplayName = WatchOSDemo2;
				INFOPLIST_KEY_UIApplicationSceneManifest_Generation = YES;
				INFOPLIST_KEY_UIApplicationSupportsIndirectInputEvents = YES;
				INFOPLIST_KEY_UILaunchScreen_Generation = YES;
				INFOPLIST_KEY_UISupportedInterfaceOrientations_iPad = "UIInterfaceOrientationPortrait UIInterfaceOrientationPortraitUpsideDown UIInterfaceOrientationLandscapeLeft UIInterfaceOrientationLandscapeRight";
				INFOPLIST_KEY_UISupportedInterfaceOrientations_iPhone = "UIInterfaceOrientationPortrait UIInterfaceOrientationLandscapeLeft UIInterfaceOrientationLandscapeRight";
				IPHONEOS_DEPLOYMENT_TARGET = 16.1;
				LD_RUNPATH_SEARCH_PATHS = (
					"$(inherited)",
					"@executable_path/Frameworks",
				);
				MARKETING_VERSION = 1.0;
				PRODUCT_BUNDLE_IDENTIFIER = com.hotngui.WatchOSDemo2;
				PRODUCT_NAME = "$(TARGET_NAME)";
				SDKROOT = iphoneos;
				SWIFT_EMIT_LOC_STRINGS = YES;
				SWIFT_VERSION = 5.0;
				TARGETED_DEVICE_FAMILY = "1,2";
				VALIDATE_PRODUCT = YES;
			};
			name = Release;
		};
/* End XCBuildConfiguration section */

/* Begin XCConfigurationList section */
		416F7D75291F041E00AE2878 /* Build configuration list for PBXProject "WatchOSDemo2" */ = {
			isa = XCConfigurationList;
			buildConfigurations = (
				416F7D98291F042000AE2878 /* Debug */,
				416F7D99291F042000AE2878 /* Release */,
			);
			defaultConfigurationIsVisible = 0;
			defaultConfigurationName = Release;
		};
		416F7D9A291F042000AE2878 /* Build configuration list for PBXNativeTarget "WatchOSDemo2 Watch App" */ = {
			isa = XCConfigurationList;
			buildConfigurations = (
				416F7D9B291F042000AE2878 /* Debug */,
				416F7D9C291F042000AE2878 /* Release */,
			);
			defaultConfigurationIsVisible = 0;
			defaultConfigurationName = Release;
		};
		416F7D9E291F042000AE2878 /* Build configuration list for PBXNativeTarget "WatchOSDemo2" */ = {
			isa = XCConfigurationList;
			buildConfigurations = (
				416F7D9F291F042000AE2878 /* Debug */,
				416F7DA0291F042000AE2878 /* Release */,
			);
			defaultConfigurationIsVisible = 0;
			defaultConfigurationName = Release;
		};
/* End XCConfigurationList section */
	};
	rootObject = 416F7D72291F041E00AE2878 /* Project object */;
}
