{
  "originHash" : "917a2b512148612347b307b5f8d624e74df48af36fa322c80901a86fc0e1317f",
  "pins" : [
    {
      "identity" : "kingfisher",
      "kind" : "remoteSourceControl",
      "location" : "https://github.com/onevcat/Kingfisher.git",
      "state" : {
        "revision" : "b450a3b30e0767277a6eed7e02dbdebd7d173da0",
        "version" : "8.3.0"
      }
    }
  ],
  "version" : 3
}
