// !$*UTF8*$!
{
	archiveVersion = 1;
	classes = {
	};
	objectVersion = 50;
	objects = {

/* Begin PBXBuildFile section */
		D4BA36F6262B40F500A82EB4 /* AppDelegate.swift in Sources */ = {isa = PBXBuildFile; fileRef = D4BA36F5262B40F500A82EB4 /* AppDelegate.swift */; };
		D4BA36F8262B40F500A82EB4 /* SceneDelegate.swift in Sources */ = {isa = PBXBuildFile; fileRef = D4BA36F7262B40F500A82EB4 /* SceneDelegate.swift */; };
		D4BA36FA262B40F500A82EB4 /* MainViewController.swift in Sources */ = {isa = PBXBuildFile; fileRef = D4BA36F9262B40F500A82EB4 /* MainViewController.swift */; };
		D4BA36FD262B40F500A82EB4 /* Main.storyboard in Resources */ = {isa = PBXBuildFile; fileRef = D4BA36FB262B40F500A82EB4 /* Main.storyboard */; };
		D4BA36FF262B40F500A82EB4 /* Assets.xcassets in Resources */ = {isa = PBXBuildFile; fileRef = D4BA36FE262B40F500A82EB4 /* Assets.xcassets */; };
		D4BA3702262B40F500A82EB4 /* LaunchScreen.storyboard in Resources */ = {isa = PBXBuildFile; fileRef = D4BA3700262B40F500A82EB4 /* LaunchScreen.storyboard */; };
		D4BA370C262B45A900A82EB4 /* ExampleViewController.swift in Sources */ = {isa = PBXBuildFile; fileRef = D4BA370B262B45A900A82EB4 /* ExampleViewController.swift */; };
		D4BA3719262B52D400A82EB4 /* SegueAction.storyboard in Resources */ = {isa = PBXBuildFile; fileRef = D4BA3717262B52D400A82EB4 /* SegueAction.storyboard */; };
		D4BA371D262B530500A82EB4 /* Unwind.storyboard in Resources */ = {isa = PBXBuildFile; fileRef = D4BA371C262B530500A82EB4 /* Unwind.storyboard */; };
/* End PBXBuildFile section */

/* Begin PBXFileReference section */
		D4BA36F2262B40F500A82EB4 /* StoryboardExample.app */ = {isa = PBXFileReference; explicitFileType = wrapper.application; includeInIndex = 0; path = StoryboardExample.app; sourceTree = BUILT_PRODUCTS_DIR; };
		D4BA36F5262B40F500A82EB4 /* AppDelegate.swift */ = {isa = PBXFileReference; lastKnownFileType = sourcecode.swift; path = AppDelegate.swift; sourceTree = "<group>"; };
		D4BA36F7262B40F500A82EB4 /* SceneDelegate.swift */ = {isa = PBXFileReference; lastKnownFileType = sourcecode.swift; path = SceneDelegate.swift; sourceTree = "<group>"; };
		D4BA36F9262B40F500A82EB4 /* MainViewController.swift */ = {isa = PBXFileReference; lastKnownFileType = sourcecode.swift; path = MainViewController.swift; sourceTree = "<group>"; };
		D4BA36FC262B40F500A82EB4 /* Base */ = {isa = PBXFileReference; lastKnownFileType = file.storyboard; name = Base; path = Base.lproj/Main.storyboard; sourceTree = "<group>"; };
		D4BA36FE262B40F500A82EB4 /* Assets.xcassets */ = {isa = PBXFileReference; lastKnownFileType = folder.assetcatalog; path = Assets.xcassets; sourceTree = "<group>"; };
		D4BA3701262B40F500A82EB4 /* Base */ = {isa = PBXFileReference; lastKnownFileType = file.storyboard; name = Base; path = Base.lproj/LaunchScreen.storyboard; sourceTree = "<group>"; };
		D4BA3703262B40F500A82EB4 /* Info.plist */ = {isa = PBXFileReference; lastKnownFileType = text.plist.xml; path = Info.plist; sourceTree = "<group>"; };
		D4BA370B262B45A900A82EB4 /* ExampleViewController.swift */ = {isa = PBXFileReference; lastKnownFileType = sourcecode.swift; path = ExampleViewController.swift; sourceTree = "<group>"; };
		D4BA3718262B52D400A82EB4 /* Base */ = {isa = PBXFileReference; lastKnownFileType = file.storyboard; name = Base; path = StoryboardExample/Base.lproj/SegueAction.storyboard; sourceTree = "<group>"; };
		D4BA371C262B530500A82EB4 /* Unwind.storyboard */ = {isa = PBXFileReference; fileEncoding = 4; lastKnownFileType = file.storyboard; path = Unwind.storyboard; sourceTree = "<group>"; };
/* End PBXFileReference section */

/* Begin PBXFrameworksBuildPhase section */
		D4BA36EF262B40F500A82EB4 /* Frameworks */ = {
			isa = PBXFrameworksBuildPhase;
			buildActionMask = 2147483647;
			files = (
			);
			runOnlyForDeploymentPostprocessing = 0;
		};
/* End PBXFrameworksBuildPhase section */

/* Begin PBXGroup section */
		D4BA36E9262B40F500A82EB4 = {
			isa = PBXGroup;
			children = (
				D4BA36F4262B40F500A82EB4 /* StoryboardExample */,
				D4BA36F3262B40F500A82EB4 /* Products */,
			);
			sourceTree = "<group>";
		};
		D4BA36F3262B40F500A82EB4 /* Products */ = {
			isa = PBXGroup;
			children = (
				D4BA36F2262B40F500A82EB4 /* StoryboardExample.app */,
			);
			name = Products;
			sourceTree = "<group>";
		};
		D4BA36F4262B40F500A82EB4 /* StoryboardExample */ = {
			isa = PBXGroup;
			children = (
				D4BA36F5262B40F500A82EB4 /* AppDelegate.swift */,
				D4BA36F7262B40F500A82EB4 /* SceneDelegate.swift */,
				D4BA370B262B45A900A82EB4 /* ExampleViewController.swift */,
				D4BA36F9262B40F500A82EB4 /* MainViewController.swift */,
				D4BA36FB262B40F500A82EB4 /* Main.storyboard */,
				D4BA371C262B530500A82EB4 /* Unwind.storyboard */,
				D4BA3717262B52D400A82EB4 /* SegueAction.storyboard */,
				D4BA36FE262B40F500A82EB4 /* Assets.xcassets */,
				D4BA3700262B40F500A82EB4 /* LaunchScreen.storyboard */,
				D4BA3703262B40F500A82EB4 /* Info.plist */,
			);
			path = StoryboardExample;
			sourceTree = "<group>";
		};
/* End PBXGroup section */

/* Begin PBXNativeTarget section */
		D4BA36F1262B40F500A82EB4 /* StoryboardExample */ = {
			isa = PBXNativeTarget;
			buildConfigurationList = D4BA3706262B40F500A82EB4 /* Build configuration list for PBXNativeTarget "StoryboardExample" */;
			buildPhases = (
				D4BA36EE262B40F500A82EB4 /* Sources */,
				D4BA36EF262B40F500A82EB4 /* Frameworks */,
				D4BA36F0262B40F500A82EB4 /* Resources */,
			);
			buildRules = (
			);
			dependencies = (
			);
			name = StoryboardExample;
			productName = StoryboardExample;
			productReference = D4BA36F2262B40F500A82EB4 /* StoryboardExample.app */;
			productType = "com.apple.product-type.application";
		};
/* End PBXNativeTarget section */

/* Begin PBXProject section */
		D4BA36EA262B40F500A82EB4 /* Project object */ = {
			isa = PBXProject;
			attributes = {
				LastSwiftUpdateCheck = 1240;
				LastUpgradeCheck = 1240;
				ORGANIZATIONNAME = "hot-n-GUI, LLC";
				TargetAttributes = {
					D4BA36F1262B40F500A82EB4 = {
						CreatedOnToolsVersion = 12.4;
					};
				};
			};
			buildConfigurationList = D4BA36ED262B40F500A82EB4 /* Build configuration list for PBXProject "StoryboardExample" */;
			compatibilityVersion = "Xcode 9.3";
			developmentRegion = en;
			hasScannedForEncodings = 0;
			knownRegions = (
				en,
				Base,
			);
			mainGroup = D4BA36E9262B40F500A82EB4;
			productRefGroup = D4BA36F3262B40F500A82EB4 /* Products */;
			projectDirPath = "";
			projectRoot = "";
			targets = (
				D4BA36F1262B40F500A82EB4 /* StoryboardExample */,
			);
		};
/* End PBXProject section */

/* Begin PBXResourcesBuildPhase section */
		D4BA36F0262B40F500A82EB4 /* Resources */ = {
			isa = PBXResourcesBuildPhase;
			buildActionMask = 2147483647;
			files = (
				D4BA3702262B40F500A82EB4 /* LaunchScreen.storyboard in Resources */,
				D4BA371D262B530500A82EB4 /* Unwind.storyboard in Resources */,
				D4BA36FF262B40F500A82EB4 /* Assets.xcassets in Resources */,
				D4BA3719262B52D400A82EB4 /* SegueAction.storyboard in Resources */,
				D4BA36FD262B40F500A82EB4 /* Main.storyboard in Resources */,
			);
			runOnlyForDeploymentPostprocessing = 0;
		};
/* End PBXResourcesBuildPhase section */

/* Begin PBXSourcesBuildPhase section */
		D4BA36EE262B40F500A82EB4 /* Sources */ = {
			isa = PBXSourcesBuildPhase;
			buildActionMask = 2147483647;
			files = (
				D4BA36FA262B40F500A82EB4 /* MainViewController.swift in Sources */,
				D4BA370C262B45A900A82EB4 /* ExampleViewController.swift in Sources */,
				D4BA36F6262B40F500A82EB4 /* AppDelegate.swift in Sources */,
				D4BA36F8262B40F500A82EB4 /* SceneDelegate.swift in Sources */,
			);
			runOnlyForDeploymentPostprocessing = 0;
		};
/* End PBXSourcesBuildPhase section */

/* Begin PBXVariantGroup section */
		D4BA36FB262B40F500A82EB4 /* Main.storyboard */ = {
			isa = PBXVariantGroup;
			children = (
				D4BA36FC262B40F500A82EB4 /* Base */,
			);
			name = Main.storyboard;
			sourceTree = "<group>";
		};
		D4BA3700262B40F500A82EB4 /* LaunchScreen.storyboard */ = {
			isa = PBXVariantGroup;
			children = (
				D4BA3701262B40F500A82EB4 /* Base */,
			);
			name = LaunchScreen.storyboard;
			sourceTree = "<group>";
		};
		D4BA3717262B52D400A82EB4 /* SegueAction.storyboard */ = {
			isa = PBXVariantGroup;
			children = (
				D4BA3718262B52D400A82EB4 /* Base */,
			);
			name = SegueAction.storyboard;
			sourceTree = "<group>";
		};
/* End PBXVariantGroup section */

/* Begin XCBuildConfiguration section */
		D4BA3704262B40F500A82EB4 /* Debug */ = {
			isa = XCBuildConfiguration;
			buildSettings = {
				ALWAYS_SEARCH_USER_PATHS = NO;
				CLANG_ANALYZER_NONNULL = YES;
				CLANG_ANALYZER_NUMBER_OBJECT_CONVERSION = YES_AGGRESSIVE;
				CLANG_CXX_LANGUAGE_STANDARD = "gnu++14";
				CLANG_CXX_LIBRARY = "libc++";
				CLANG_ENABLE_MODULES = YES;
				CLANG_ENABLE_OBJC_ARC = YES;
				CLANG_ENABLE_OBJC_WEAK = YES;
				CLANG_WARN_BLOCK_CAPTURE_AUTORELEASING = YES;
				CLANG_WARN_BOOL_CONVERSION = YES;
				CLANG_WARN_COMMA = YES;
				CLANG_WARN_CONSTANT_CONVERSION = YES;
				CLANG_WARN_DEPRECATED_OBJC_IMPLEMENTATIONS = YES;
				CLANG_WARN_DIRECT_OBJC_ISA_USAGE = YES_ERROR;
				CLANG_WARN_DOCUMENTATION_COMMENTS = YES;
				CLANG_WARN_EMPTY_BODY = YES;
				CLANG_WARN_ENUM_CONVERSION = YES;
				CLANG_WARN_INFINITE_RECURSION = YES;
				CLANG_WARN_INT_CONVERSION = YES;
				CLANG_WARN_NON_LITERAL_NULL_CONVERSION = YES;
				CLANG_WARN_OBJC_IMPLICIT_RETAIN_SELF = YES;
				CLANG_WARN_OBJC_LITERAL_CONVERSION = YES;
				CLANG_WARN_OBJC_ROOT_CLASS = YES_ERROR;
				CLANG_WARN_QUOTED_INCLUDE_IN_FRAMEWORK_HEADER = YES;
				CLANG_WARN_RANGE_LOOP_ANALYSIS = YES;
				CLANG_WARN_STRICT_PROTOTYPES = YES;
				CLANG_WARN_SUSPICIOUS_MOVE = YES;
				CLANG_WARN_UNGUARDED_AVAILABILITY = YES_AGGRESSIVE;
				CLANG_WARN_UNREACHABLE_CODE = YES;
				CLANG_WARN__DUPLICATE_METHOD_MATCH = YES;
				COPY_PHASE_STRIP = NO;
				DEBUG_INFORMATION_FORMAT = dwarf;
				ENABLE_STRICT_OBJC_MSGSEND = YES;
				ENABLE_TESTABILITY = YES;
				GCC_C_LANGUAGE_STANDARD = gnu11;
				GCC_DYNAMIC_NO_PIC = NO;
				GCC_NO_COMMON_BLOCKS = YES;
				GCC_OPTIMIZATION_LEVEL = 0;
				GCC_PREPROCESSOR_DEFINITIONS = (
					"DEBUG=1",
					"$(inherited)",
				);
				GCC_WARN_64_TO_32_BIT_CONVERSION = YES;
				GCC_WARN_ABOUT_RETURN_TYPE = YES_ERROR;
				GCC_WARN_UNDECLARED_SELECTOR = YES;
				GCC_WARN_UNINITIALIZED_AUTOS = YES_AGGRESSIVE;
				GCC_WARN_UNUSED_FUNCTION = YES;
				GCC_WARN_UNUSED_VARIABLE = YES;
				IPHONEOS_DEPLOYMENT_TARGET = 14.4;
				MTL_ENABLE_DEBUG_INFO = INCLUDE_SOURCE;
				MTL_FAST_MATH = YES;
				ONLY_ACTIVE_ARCH = YES;
				SDKROOT = iphoneos;
				SWIFT_ACTIVE_COMPILATION_CONDITIONS = DEBUG;
				SWIFT_OPTIMIZATION_LEVEL = "-Onone";
			};
			name = Debug;
		};
		D4BA3705262B40F500A82EB4 /* Release */ = {
			isa = XCBuildConfiguration;
			buildSettings = {
				ALWAYS_SEARCH_USER_PATHS = NO;
				CLANG_ANALYZER_NONNULL = YES;
				CLANG_ANALYZER_NUMBER_OBJECT_CONVERSION = YES_AGGRESSIVE;
				CLANG_CXX_LANGUAGE_STANDARD = "gnu++14";
				CLANG_CXX_LIBRARY = "libc++";
				CLANG_ENABLE_MODULES = YES;
				CLANG_ENABLE_OBJC_ARC = YES;
				CLANG_ENABLE_OBJC_WEAK = YES;
				CLANG_WARN_BLOCK_CAPTURE_AUTORELEASING = YES;
				CLANG_WARN_BOOL_CONVERSION = YES;
				CLANG_WARN_COMMA = YES;
				CLANG_WARN_CONSTANT_CONVERSION = YES;
				CLANG_WARN_DEPRECATED_OBJC_IMPLEMENTATIONS = YES;
				CLANG_WARN_DIRECT_OBJC_ISA_USAGE = YES_ERROR;
				CLANG_WARN_DOCUMENTATION_COMMENTS = YES;
				CLANG_WARN_EMPTY_BODY = YES;
				CLANG_WARN_ENUM_CONVERSION = YES;
				CLANG_WARN_INFINITE_RECURSION = YES;
				CLANG_WARN_INT_CONVERSION = YES;
				CLANG_WARN_NON_LITERAL_NULL_CONVERSION = YES;
				CLANG_WARN_OBJC_IMPLICIT_RETAIN_SELF = YES;
				CLANG_WARN_OBJC_LITERAL_CONVERSION = YES;
				CLANG_WARN_OBJC_ROOT_CLASS = YES_ERROR;
				CLANG_WARN_QUOTED_INCLUDE_IN_FRAMEWORK_HEADER = YES;
				CLANG_WARN_RANGE_LOOP_ANALYSIS = YES;
				CLANG_WARN_STRICT_PROTOTYPES = YES;
				CLANG_WARN_SUSPICIOUS_MOVE = YES;
				CLANG_WARN_UNGUARDED_AVAILABILITY = YES_AGGRESSIVE;
				CLANG_WARN_UNREACHABLE_CODE = YES;
				CLANG_WARN__DUPLICATE_METHOD_MATCH = YES;
				COPY_PHASE_STRIP = NO;
				DEBUG_INFORMATION_FORMAT = "dwarf-with-dsym";
				ENABLE_NS_ASSERTIONS = NO;
				ENABLE_STRICT_OBJC_MSGSEND = YES;
				GCC_C_LANGUAGE_STANDARD = gnu11;
				GCC_NO_COMMON_BLOCKS = YES;
				GCC_WARN_64_TO_32_BIT_CONVERSION = YES;
				GCC_WARN_ABOUT_RETURN_TYPE = YES_ERROR;
				GCC_WARN_UNDECLARED_SELECTOR = YES;
				GCC_WARN_UNINITIALIZED_AUTOS = YES_AGGRESSIVE;
				GCC_WARN_UNUSED_FUNCTION = YES;
				GCC_WARN_UNUSED_VARIABLE = YES;
				IPHONEOS_DEPLOYMENT_TARGET = 14.4;
				MTL_ENABLE_DEBUG_INFO = NO;
				MTL_FAST_MATH = YES;
				SDKROOT = iphoneos;
				SWIFT_COMPILATION_MODE = wholemodule;
				SWIFT_OPTIMIZATION_LEVEL = "-O";
				VALIDATE_PRODUCT = YES;
			};
			name = Release;
		};
		D4BA3707262B40F500A82EB4 /* Debug */ = {
			isa = XCBuildConfiguration;
			buildSettings = {
				ASSETCATALOG_COMPILER_APPICON_NAME = AppIcon;
				ASSETCATALOG_COMPILER_GLOBAL_ACCENT_COLOR_NAME = AccentColor;
				CODE_SIGN_STYLE = Automatic;
				DEVELOPMENT_TEAM = 7689FTK2TN;
				INFOPLIST_FILE = StoryboardExample/Info.plist;
				LD_RUNPATH_SEARCH_PATHS = (
					"$(inherited)",
					"@executable_path/Frameworks",
				);
				PRODUCT_BUNDLE_IDENTIFIER = com.hotngui.StoryboardExample;
				PRODUCT_NAME = "$(TARGET_NAME)";
				SWIFT_VERSION = 5.0;
				TARGETED_DEVICE_FAMILY = "1,2";
			};
			name = Debug;
		};
		D4BA3708262B40F500A82EB4 /* Release */ = {
			isa = XCBuildConfiguration;
			buildSettings = {
				ASSETCATALOG_COMPILER_APPICON_NAME = AppIcon;
				ASSETCATALOG_COMPILER_GLOBAL_ACCENT_COLOR_NAME = AccentColor;
				CODE_SIGN_STYLE = Automatic;
				DEVELOPMENT_TEAM = 7689FTK2TN;
				INFOPLIST_FILE = StoryboardExample/Info.plist;
				LD_RUNPATH_SEARCH_PATHS = (
					"$(inherited)",
					"@executable_path/Frameworks",
				);
				PRODUCT_BUNDLE_IDENTIFIER = com.hotngui.StoryboardExample;
				PRODUCT_NAME = "$(TARGET_NAME)";
				SWIFT_VERSION = 5.0;
				TARGETED_DEVICE_FAMILY = "1,2";
			};
			name = Release;
		};
/* End XCBuildConfiguration section */

/* Begin XCConfigurationList section */
		D4BA36ED262B40F500A82EB4 /* Build configuration list for PBXProject "StoryboardExample" */ = {
			isa = XCConfigurationList;
			buildConfigurations = (
				D4BA3704262B40F500A82EB4 /* Debug */,
				D4BA3705262B40F500A82EB4 /* Release */,
			);
			defaultConfigurationIsVisible = 0;
			defaultConfigurationName = Release;
		};
		D4BA3706262B40F500A82EB4 /* Build configuration list for PBXNativeTarget "StoryboardExample" */ = {
			isa = XCConfigurationList;
			buildConfigurations = (
				D4BA3707262B40F500A82EB4 /* Debug */,
				D4BA3708262B40F500A82EB4 /* Release */,
			);
			defaultConfigurationIsVisible = 0;
			defaultConfigurationName = Release;
		};
/* End XCConfigurationList section */
	};
	rootObject = D4BA36EA262B40F500A82EB4 /* Project object */;
}
